
Microsoft Visual Studio Solution File, Format Version 12.00
# Visual Studio Version 16
VisualStudioVersion = 16.0.30611.23
MinimumVisualStudioVersion = 10.0.40219.1
Project("{FAE04EC0-301F-11D3-BF4B-00C04F79EFBC}") = "NesneProjeÖdevim", "NesneProjeÖdevim\NesneProjeÖdevim.csproj", "{9AC671E5-6476-477D-A266-31883F1D6B47}"
EndProject
Global
	GlobalSection(SolutionConfigurationPlatforms) = preSolution
		Debug|Any CPU = Debug|Any CPU
		Release|Any CPU = Release|Any CPU
	EndGlobalSection
	GlobalSection(ProjectConfigurationPlatforms) = postSolution
		{9AC671E5-6476-477D-A266-31883F1D6B47}.Debug|Any CPU.ActiveCfg = Debug|Any CPU
		{9AC671E5-6476-477D-A266-31883F1D6B47}.Debug|Any CPU.Build.0 = Debug|Any CPU
		{9AC671E5-6476-477D-A266-31883F1D6B47}.Release|Any CPU.ActiveCfg = Release|Any CPU
		{9AC671E5-6476-477D-A266-31883F1D6B47}.Release|Any CPU.Build.0 = Release|Any CPU
	EndGlobalSection
	GlobalSection(SolutionProperties) = preSolution
		HideSolutionNode = FALSE
	EndGlobalSection
	GlobalSection(ExtensibilityGlobals) = postSolution
		SolutionGuid = {B17FCC1A-AE05-4344-8473-5A8659212301}
	EndGlobalSection
EndGlobal
